
Microsoft Visual Studio Solution File, Format Version 12.00
# Visual Studio Version 16
VisualStudioVersion = 16.0.30907.101
MinimumVisualStudioVersion = 10.0.40219.1
Project("{FAE04EC0-301F-11D3-BF4B-00C04F79EFBC}") = "Online Examination System", "Online Examination System\Online Examination System.csproj", "{DD0528B9-8077-4D94-941D-D195F598A588}"
EndProject
Project("{FAE04EC0-301F-11D3-BF4B-00C04F79EFBC}") = "OES_BAL", "..\OES_BAL\OES_BAL.csproj", "{D6398051-D13E-407E-8268-9A8CCB309A43}"
EndProject
Global
	GlobalSection(SolutionConfigurationPlatforms) = preSolution
		Debug|Any CPU = Debug|Any CPU
		Release|Any CPU = Release|Any CPU
	EndGlobalSection
	GlobalSection(ProjectConfigurationPlatforms) = postSolution
		{DD0528B9-8077-4D94-941D-D195F598A588}.Debug|Any CPU.ActiveCfg = Debug|Any CPU
		{DD0528B9-8077-4D94-941D-D195F598A588}.Debug|Any CPU.Build.0 = Debug|Any CPU
		{DD0528B9-8077-4D94-941D-D195F598A588}.Release|Any CPU.ActiveCfg = Release|Any CPU
		{DD0528B9-8077-4D94-941D-D195F598A588}.Release|Any CPU.Build.0 = Release|Any CPU
		{D6398051-D13E-407E-8268-9A8CCB309A43}.Debug|Any CPU.ActiveCfg = Debug|Any CPU
		{D6398051-D13E-407E-8268-9A8CCB309A43}.Debug|Any CPU.Build.0 = Debug|Any CPU
		{D6398051-D13E-407E-8268-9A8CCB309A43}.Release|Any CPU.ActiveCfg = Release|Any CPU
		{D6398051-D13E-407E-8268-9A8CCB309A43}.Release|Any CPU.Build.0 = Release|Any CPU
	EndGlobalSection
	GlobalSection(SolutionProperties) = preSolution
		HideSolutionNode = FALSE
	EndGlobalSection
	GlobalSection(ExtensibilityGlobals) = postSolution
		SolutionGuid = {0F4B3517-60AB-4109-899E-439C4290680D}
	EndGlobalSection
EndGlobal
